
Microsoft Visual Studio Solution File, Format Version 12.00
Project("{FAE04EC0-301F-11D3-BF4B-00C04F79EFBC}") = "Day_01", "Day_01\Day_01.csproj", "{21F66D30-E570-47D9-9CD3-14D2A2967C52}"
EndProject
Project("{FAE04EC0-301F-11D3-BF4B-00C04F79EFBC}") = "Day_02", "Day_02\Day_02.csproj", "{64921395-1D08-4A77-810A-A35442844CEC}"
EndProject
Project("{FAE04EC0-301F-11D3-BF4B-00C04F79EFBC}") = "Day_03", "Day_03\Day_03.csproj", "{EBEB381B-7F2E-4AA2-9E77-7486E6C9CD6D}"
EndProject
Project("{FAE04EC0-301F-11D3-BF4B-00C04F79EFBC}") = "Day_04", "Day_04\Day_04.csproj", "{9F47056C-1287-4549-893E-AAA5DE8D8E7A}"
EndProject
Project("{FAE04EC0-301F-11D3-BF4B-00C04F79EFBC}") = "Day_05", "Day_05\Day_05.csproj", "{FCB7CC6E-8267-4355-ADD9-2A8FD9B8B440}"
EndProject
Project("{FAE04EC0-301F-11D3-BF4B-00C04F79EFBC}") = "Day_06", "Day_06\Day_06.csproj", "{3A5E87F3-2EF1-41B8-8502-13D8C6F1C128}"
EndProject
Project("{FAE04EC0-301F-11D3-BF4B-00C04F79EFBC}") = "Day_07", "Day_07\Day_07.csproj", "{3AD3C6AF-4A45-423F-9EBF-F95BA0D4EA0A}"
EndProject
Project("{FAE04EC0-301F-11D3-BF4B-00C04F79EFBC}") = "Day_08", "Day_08\Day_08.csproj", "{05592E85-5137-4543-8F11-851E42FCE547}"
EndProject
Project("{FAE04EC0-301F-11D3-BF4B-00C04F79EFBC}") = "Day_09", "Day_09\Day_09.csproj", "{64AB4ABC-8413-4D15-B151-58CFBA33EC57}"
EndProject
Project("{FAE04EC0-301F-11D3-BF4B-00C04F79EFBC}") = "Day_10", "Day_10\Day_10.csproj", "{49778657-BBC7-457F-AEFB-A0C37A26367B}"
EndProject
Project("{FAE04EC0-301F-11D3-BF4B-00C04F79EFBC}") = "Day_11", "Day_11\Day_11.csproj", "{42B69E3B-2B81-45F9-BEE0-FAA4ABDAFFEA}"
EndProject
Global
	GlobalSection(SolutionConfigurationPlatforms) = preSolution
		Debug|Any CPU = Debug|Any CPU
		Release|Any CPU = Release|Any CPU
	EndGlobalSection
	GlobalSection(ProjectConfigurationPlatforms) = postSolution
		{21F66D30-E570-47D9-9CD3-14D2A2967C52}.Debug|Any CPU.ActiveCfg = Debug|Any CPU
		{21F66D30-E570-47D9-9CD3-14D2A2967C52}.Debug|Any CPU.Build.0 = Debug|Any CPU
		{21F66D30-E570-47D9-9CD3-14D2A2967C52}.Release|Any CPU.ActiveCfg = Release|Any CPU
		{21F66D30-E570-47D9-9CD3-14D2A2967C52}.Release|Any CPU.Build.0 = Release|Any CPU
		{64921395-1D08-4A77-810A-A35442844CEC}.Debug|Any CPU.ActiveCfg = Debug|Any CPU
		{64921395-1D08-4A77-810A-A35442844CEC}.Debug|Any CPU.Build.0 = Debug|Any CPU
		{64921395-1D08-4A77-810A-A35442844CEC}.Release|Any CPU.ActiveCfg = Release|Any CPU
		{64921395-1D08-4A77-810A-A35442844CEC}.Release|Any CPU.Build.0 = Release|Any CPU
		{EBEB381B-7F2E-4AA2-9E77-7486E6C9CD6D}.Debug|Any CPU.ActiveCfg = Debug|Any CPU
		{EBEB381B-7F2E-4AA2-9E77-7486E6C9CD6D}.Debug|Any CPU.Build.0 = Debug|Any CPU
		{EBEB381B-7F2E-4AA2-9E77-7486E6C9CD6D}.Release|Any CPU.ActiveCfg = Release|Any CPU
		{EBEB381B-7F2E-4AA2-9E77-7486E6C9CD6D}.Release|Any CPU.Build.0 = Release|Any CPU
		{9F47056C-1287-4549-893E-AAA5DE8D8E7A}.Debug|Any CPU.ActiveCfg = Debug|Any CPU
		{9F47056C-1287-4549-893E-AAA5DE8D8E7A}.Debug|Any CPU.Build.0 = Debug|Any CPU
		{9F47056C-1287-4549-893E-AAA5DE8D8E7A}.Release|Any CPU.ActiveCfg = Release|Any CPU
		{9F47056C-1287-4549-893E-AAA5DE8D8E7A}.Release|Any CPU.Build.0 = Release|Any CPU
		{FCB7CC6E-8267-4355-ADD9-2A8FD9B8B440}.Debug|Any CPU.ActiveCfg = Debug|Any CPU
		{FCB7CC6E-8267-4355-ADD9-2A8FD9B8B440}.Debug|Any CPU.Build.0 = Debug|Any CPU
		{FCB7CC6E-8267-4355-ADD9-2A8FD9B8B440}.Release|Any CPU.ActiveCfg = Release|Any CPU
		{FCB7CC6E-8267-4355-ADD9-2A8FD9B8B440}.Release|Any CPU.Build.0 = Release|Any CPU
		{3A5E87F3-2EF1-41B8-8502-13D8C6F1C128}.Debug|Any CPU.ActiveCfg = Debug|Any CPU
		{3A5E87F3-2EF1-41B8-8502-13D8C6F1C128}.Debug|Any CPU.Build.0 = Debug|Any CPU
		{3A5E87F3-2EF1-41B8-8502-13D8C6F1C128}.Release|Any CPU.ActiveCfg = Release|Any CPU
		{3A5E87F3-2EF1-41B8-8502-13D8C6F1C128}.Release|Any CPU.Build.0 = Release|Any CPU
		{3AD3C6AF-4A45-423F-9EBF-F95BA0D4EA0A}.Debug|Any CPU.ActiveCfg = Debug|Any CPU
		{3AD3C6AF-4A45-423F-9EBF-F95BA0D4EA0A}.Debug|Any CPU.Build.0 = Debug|Any CPU
		{3AD3C6AF-4A45-423F-9EBF-F95BA0D4EA0A}.Release|Any CPU.ActiveCfg = Release|Any CPU
		{3AD3C6AF-4A45-423F-9EBF-F95BA0D4EA0A}.Release|Any CPU.Build.0 = Release|Any CPU
		{05592E85-5137-4543-8F11-851E42FCE547}.Debug|Any CPU.ActiveCfg = Debug|Any CPU
		{05592E85-5137-4543-8F11-851E42FCE547}.Debug|Any CPU.Build.0 = Debug|Any CPU
		{05592E85-5137-4543-8F11-851E42FCE547}.Release|Any CPU.ActiveCfg = Release|Any CPU
		{05592E85-5137-4543-8F11-851E42FCE547}.Release|Any CPU.Build.0 = Release|Any CPU
		{64AB4ABC-8413-4D15-B151-58CFBA33EC57}.Debug|Any CPU.ActiveCfg = Debug|Any CPU
		{64AB4ABC-8413-4D15-B151-58CFBA33EC57}.Debug|Any CPU.Build.0 = Debug|Any CPU
		{64AB4ABC-8413-4D15-B151-58CFBA33EC57}.Release|Any CPU.ActiveCfg = Release|Any CPU
		{64AB4ABC-8413-4D15-B151-58CFBA33EC57}.Release|Any CPU.Build.0 = Release|Any CPU
		{49778657-BBC7-457F-AEFB-A0C37A26367B}.Debug|Any CPU.ActiveCfg = Debug|Any CPU
		{49778657-BBC7-457F-AEFB-A0C37A26367B}.Debug|Any CPU.Build.0 = Debug|Any CPU
		{49778657-BBC7-457F-AEFB-A0C37A26367B}.Release|Any CPU.ActiveCfg = Release|Any CPU
		{49778657-BBC7-457F-AEFB-A0C37A26367B}.Release|Any CPU.Build.0 = Release|Any CPU
		{42B69E3B-2B81-45F9-BEE0-FAA4ABDAFFEA}.Debug|Any CPU.ActiveCfg = Debug|Any CPU
		{42B69E3B-2B81-45F9-BEE0-FAA4ABDAFFEA}.Debug|Any CPU.Build.0 = Debug|Any CPU
		{42B69E3B-2B81-45F9-BEE0-FAA4ABDAFFEA}.Release|Any CPU.ActiveCfg = Release|Any CPU
		{42B69E3B-2B81-45F9-BEE0-FAA4ABDAFFEA}.Release|Any CPU.Build.0 = Release|Any CPU
	EndGlobalSection
EndGlobal
